// !$*UTF8*$!
{
	archiveVersion = 1;
	classes = {
	};
	objectVersion = 50;
	objects = {

/* Begin PBXBuildFile section */
		962417EB2338BDA500292F98 /* AppDelegate.swift in Sources */ = {isa = PBXBuildFile; fileRef = 962417EA2338BDA500292F98 /* AppDelegate.swift */; };
		962417EF2338BDA500292F98 /* HomeViewController.swift in Sources */ = {isa = PBXBuildFile; fileRef = 962417EE2338BDA500292F98 /* HomeViewController.swift */; };
		962417F22338BDA500292F98 /* Main.storyboard in Resources */ = {isa = PBXBuildFile; fileRef = 962417F02338BDA500292F98 /* Main.storyboard */; };
		962417F42338BDA500292F98 /* Assets.xcassets in Resources */ = {isa = PBXBuildFile; fileRef = 962417F32338BDA500292F98 /* Assets.xcassets */; };
		962417F72338BDA500292F98 /* LaunchScreen.storyboard in Resources */ = {isa = PBXBuildFile; fileRef = 962417F52338BDA500292F98 /* LaunchScreen.storyboard */; };
		962418112338BDB400292F98 /* Session.swift in Sources */ = {isa = PBXBuildFile; fileRef = 9624180D2338BDB400292F98 /* Session.swift */; };
		962418122338BDB400292F98 /* SessionErrors.swift in Sources */ = {isa = PBXBuildFile; fileRef = 9624180E2338BDB400292F98 /* SessionErrors.swift */; };
		962418132338BDB400292F98 /* Request.swift in Sources */ = {isa = PBXBuildFile; fileRef = 9624180F2338BDB400292F98 /* Request.swift */; };
		962418142338BDB400292F98 /* ResponseParser.swift in Sources */ = {isa = PBXBuildFile; fileRef = 962418102338BDB400292F98 /* ResponseParser.swift */; };
		962418162338BE0500292F98 /* ResponseParsingTests.swift in Sources */ = {isa = PBXBuildFile; fileRef = 962418152338BE0500292F98 /* ResponseParsingTests.swift */; };
		962418182338BF4700292F98 /* TestHelpers.swift in Sources */ = {isa = PBXBuildFile; fileRef = 962418172338BF4700292F98 /* TestHelpers.swift */; };
		9624181D2338C5B700292F98 /* UsersResponse.swift in Sources */ = {isa = PBXBuildFile; fileRef = 9624181C2338C5B700292F98 /* UsersResponse.swift */; };
		9624181F2338C5C300292F98 /* User.swift in Sources */ = {isa = PBXBuildFile; fileRef = 9624181E2338C5C300292F98 /* User.swift */; };
		962418222338C67600292F98 /* UsersResponse.json in Resources */ = {isa = PBXBuildFile; fileRef = 962418212338C67600292F98 /* UsersResponse.json */; };
		9624182E2338C85A00292F98 /* Bond.framework in Frameworks */ = {isa = PBXBuildFile; fileRef = 962418272338C77100292F98 /* Bond.framework */; };
		9624182F2338C85A00292F98 /* Bond.framework in Embed Frameworks */ = {isa = PBXBuildFile; fileRef = 962418272338C77100292F98 /* Bond.framework */; settings = {ATTRIBUTES = (CodeSignOnCopy, RemoveHeadersOnCopy, ); }; };
		962418312338C85B00292F98 /* Differ.framework in Frameworks */ = {isa = PBXBuildFile; fileRef = 962418292338C77E00292F98 /* Differ.framework */; };
		962418322338C85B00292F98 /* Differ.framework in Embed Frameworks */ = {isa = PBXBuildFile; fileRef = 962418292338C77E00292F98 /* Differ.framework */; settings = {ATTRIBUTES = (CodeSignOnCopy, RemoveHeadersOnCopy, ); }; };
		962418332338C85D00292F98 /* ReactiveKit.framework in Frameworks */ = {isa = PBXBuildFile; fileRef = 9624182B2338C78700292F98 /* ReactiveKit.framework */; };
		962418342338C85D00292F98 /* ReactiveKit.framework in Embed Frameworks */ = {isa = PBXBuildFile; fileRef = 9624182B2338C78700292F98 /* ReactiveKit.framework */; settings = {ATTRIBUTES = (CodeSignOnCopy, RemoveHeadersOnCopy, ); }; };
		962418392338CE7A00292F98 /* TopUsersContext.swift in Sources */ = {isa = PBXBuildFile; fileRef = 962418382338CE7A00292F98 /* TopUsersContext.swift */; };
		9624183D2338D0CB00292F98 /* TopUsersRequest.swift in Sources */ = {isa = PBXBuildFile; fileRef = 9624183C2338D0CB00292F98 /* TopUsersRequest.swift */; };
		9624183F2338D62D00292F98 /* TopUsersRequestTests.swift in Sources */ = {isa = PBXBuildFile; fileRef = 9624183E2338D62D00292F98 /* TopUsersRequestTests.swift */; };
		962418412338D84800292F98 /* MockSession.swift in Sources */ = {isa = PBXBuildFile; fileRef = 962418402338D84800292F98 /* MockSession.swift */; };
		962418442338D87900292F98 /* TopUsersContextTests.swift in Sources */ = {isa = PBXBuildFile; fileRef = 962418432338D87900292F98 /* TopUsersContextTests.swift */; };
		962418462338D9C100292F98 /* HomeViewModel.swift in Sources */ = {isa = PBXBuildFile; fileRef = 962418452338D9C100292F98 /* HomeViewModel.swift */; };
		962418492338DA6200292F98 /* UserCell.xib in Resources */ = {isa = PBXBuildFile; fileRef = 962418482338DA6200292F98 /* UserCell.xib */; };
		9624184B2338DA6D00292F98 /* UserCell.swift in Sources */ = {isa = PBXBuildFile; fileRef = 9624184A2338DA6D00292F98 /* UserCell.swift */; };
		9624184D2338DB7300292F98 /* HomeViewModelTests.swift in Sources */ = {isa = PBXBuildFile; fileRef = 9624184C2338DB7300292F98 /* HomeViewModelTests.swift */; };
		9624184F2338DBBA00292F98 /* MockTopUsersRetrieving.swift in Sources */ = {isa = PBXBuildFile; fileRef = 9624184E2338DBBA00292F98 /* MockTopUsersRetrieving.swift */; };
		962418522338E05800292F98 /* UIActivityIndicatorView+Reactive.swift in Sources */ = {isa = PBXBuildFile; fileRef = 962418512338E05800292F98 /* UIActivityIndicatorView+Reactive.swift */; };
		962418542338E15300292F98 /* HomeViewControllerTests.swift in Sources */ = {isa = PBXBuildFile; fileRef = 962418532338E15300292F98 /* HomeViewControllerTests.swift */; };
/* End PBXBuildFile section */

/* Begin PBXContainerItemProxy section */
		962417FE2338BDA600292F98 /* PBXContainerItemProxy */ = {
			isa = PBXContainerItemProxy;
			containerPortal = 962417DF2338BDA500292F98 /* Project object */;
			proxyType = 1;
			remoteGlobalIDString = 962417E62338BDA500292F98;
			remoteInfo = WorldRemitTechTest;
		};
/* End PBXContainerItemProxy section */

/* Begin PBXCopyFilesBuildPhase section */
		962418302338C85A00292F98 /* Embed Frameworks */ = {
			isa = PBXCopyFilesBuildPhase;
			buildActionMask = 2147483647;
			dstPath = "";
			dstSubfolderSpec = 10;
			files = (
				962418322338C85B00292F98 /* Differ.framework in Embed Frameworks */,
				962418342338C85D00292F98 /* ReactiveKit.framework in Embed Frameworks */,
				9624182F2338C85A00292F98 /* Bond.framework in Embed Frameworks */,
			);
			name = "Embed Frameworks";
			runOnlyForDeploymentPostprocessing = 0;
		};
/* End PBXCopyFilesBuildPhase section */

/* Begin PBXFileReference section */
		962417E72338BDA500292F98 /* WorldRemitTechTest.app */ = {isa = PBXFileReference; explicitFileType = wrapper.application; includeInIndex = 0; path = WorldRemitTechTest.app; sourceTree = BUILT_PRODUCTS_DIR; };
		962417EA2338BDA500292F98 /* AppDelegate.swift */ = {isa = PBXFileReference; lastKnownFileType = sourcecode.swift; path = AppDelegate.swift; sourceTree = "<group>"; };
		962417EE2338BDA500292F98 /* HomeViewController.swift */ = {isa = PBXFileReference; lastKnownFileType = sourcecode.swift; path = HomeViewController.swift; sourceTree = "<group>"; };
		962417F12338BDA500292F98 /* Base */ = {isa = PBXFileReference; lastKnownFileType = file.storyboard; name = Base; path = Base.lproj/Main.storyboard; sourceTree = "<group>"; };
		962417F32338BDA500292F98 /* Assets.xcassets */ = {isa = PBXFileReference; lastKnownFileType = folder.assetcatalog; path = Assets.xcassets; sourceTree = "<group>"; };
		962417F62338BDA500292F98 /* Base */ = {isa = PBXFileReference; lastKnownFileType = file.storyboard; name = Base; path = Base.lproj/LaunchScreen.storyboard; sourceTree = "<group>"; };
		962417F82338BDA500292F98 /* Info.plist */ = {isa = PBXFileReference; lastKnownFileType = text.plist.xml; path = Info.plist; sourceTree = "<group>"; };
		962417FD2338BDA600292F98 /* WorldRemitTechTestTests.xctest */ = {isa = PBXFileReference; explicitFileType = wrapper.cfbundle; includeInIndex = 0; path = WorldRemitTechTestTests.xctest; sourceTree = BUILT_PRODUCTS_DIR; };
		962418032338BDA600292F98 /* Info.plist */ = {isa = PBXFileReference; lastKnownFileType = text.plist.xml; path = Info.plist; sourceTree = "<group>"; };
		9624180D2338BDB400292F98 /* Session.swift */ = {isa = PBXFileReference; fileEncoding = 4; lastKnownFileType = sourcecode.swift; path = Session.swift; sourceTree = "<group>"; };
		9624180E2338BDB400292F98 /* SessionErrors.swift */ = {isa = PBXFileReference; fileEncoding = 4; lastKnownFileType = sourcecode.swift; path = SessionErrors.swift; sourceTree = "<group>"; };
		9624180F2338BDB400292F98 /* Request.swift */ = {isa = PBXFileReference; fileEncoding = 4; lastKnownFileType = sourcecode.swift; path = Request.swift; sourceTree = "<group>"; };
		962418102338BDB400292F98 /* ResponseParser.swift */ = {isa = PBXFileReference; fileEncoding = 4; lastKnownFileType = sourcecode.swift; path = ResponseParser.swift; sourceTree = "<group>"; };
		962418152338BE0500292F98 /* ResponseParsingTests.swift */ = {isa = PBXFileReference; lastKnownFileType = sourcecode.swift; path = ResponseParsingTests.swift; sourceTree = "<group>"; };
		962418172338BF4700292F98 /* TestHelpers.swift */ = {isa = PBXFileReference; lastKnownFileType = sourcecode.swift; path = TestHelpers.swift; sourceTree = "<group>"; };
		9624181C2338C5B700292F98 /* UsersResponse.swift */ = {isa = PBXFileReference; lastKnownFileType = sourcecode.swift; path = UsersResponse.swift; sourceTree = "<group>"; };
		9624181E2338C5C300292F98 /* User.swift */ = {isa = PBXFileReference; lastKnownFileType = sourcecode.swift; path = User.swift; sourceTree = "<group>"; };
		962418212338C67600292F98 /* UsersResponse.json */ = {isa = PBXFileReference; lastKnownFileType = text.json; path = UsersResponse.json; sourceTree = "<group>"; };
		962418272338C77100292F98 /* Bond.framework */ = {isa = PBXFileReference; lastKnownFileType = wrapper.framework; name = Bond.framework; path = Carthage/Build/iOS/Bond.framework; sourceTree = "<group>"; };
		962418292338C77E00292F98 /* Differ.framework */ = {isa = PBXFileReference; lastKnownFileType = wrapper.framework; name = Differ.framework; path = Carthage/Build/iOS/Differ.framework; sourceTree = "<group>"; };
		9624182B2338C78700292F98 /* ReactiveKit.framework */ = {isa = PBXFileReference; lastKnownFileType = wrapper.framework; name = ReactiveKit.framework; path = Carthage/Build/iOS/ReactiveKit.framework; sourceTree = "<group>"; };
		962418382338CE7A00292F98 /* TopUsersContext.swift */ = {isa = PBXFileReference; lastKnownFileType = sourcecode.swift; path = TopUsersContext.swift; sourceTree = "<group>"; };
		9624183C2338D0CB00292F98 /* TopUsersRequest.swift */ = {isa = PBXFileReference; lastKnownFileType = sourcecode.swift; path = TopUsersRequest.swift; sourceTree = "<group>"; };
		9624183E2338D62D00292F98 /* TopUsersRequestTests.swift */ = {isa = PBXFileReference; lastKnownFileType = sourcecode.swift; path = TopUsersRequestTests.swift; sourceTree = "<group>"; };
		962418402338D84800292F98 /* MockSession.swift */ = {isa = PBXFileReference; lastKnownFileType = sourcecode.swift; path = MockSession.swift; sourceTree = "<group>"; };
		962418432338D87900292F98 /* TopUsersContextTests.swift */ = {isa = PBXFileReference; lastKnownFileType = sourcecode.swift; path = TopUsersContextTests.swift; sourceTree = "<group>"; };
		962418452338D9C100292F98 /* HomeViewModel.swift */ = {isa = PBXFileReference; lastKnownFileType = sourcecode.swift; path = HomeViewModel.swift; sourceTree = "<group>"; };
		962418482338DA6200292F98 /* UserCell.xib */ = {isa = PBXFileReference; lastKnownFileType = file.xib; path = UserCell.xib; sourceTree = "<group>"; };
		9624184A2338DA6D00292F98 /* UserCell.swift */ = {isa = PBXFileReference; lastKnownFileType = sourcecode.swift; path = UserCell.swift; sourceTree = "<group>"; };
		9624184C2338DB7300292F98 /* HomeViewModelTests.swift */ = {isa = PBXFileReference; lastKnownFileType = sourcecode.swift; path = HomeViewModelTests.swift; sourceTree = "<group>"; };
		9624184E2338DBBA00292F98 /* MockTopUsersRetrieving.swift */ = {isa = PBXFileReference; lastKnownFileType = sourcecode.swift; path = MockTopUsersRetrieving.swift; sourceTree = "<group>"; };
		962418512338E05800292F98 /* UIActivityIndicatorView+Reactive.swift */ = {isa = PBXFileReference; lastKnownFileType = sourcecode.swift; path = "UIActivityIndicatorView+Reactive.swift"; sourceTree = "<group>"; };
		962418532338E15300292F98 /* HomeViewControllerTests.swift */ = {isa = PBXFileReference; lastKnownFileType = sourcecode.swift; path = HomeViewControllerTests.swift; sourceTree = "<group>"; };
/* End PBXFileReference section */

/* Begin PBXFrameworksBuildPhase section */
		962417E42338BDA500292F98 /* Frameworks */ = {
			isa = PBXFrameworksBuildPhase;
			buildActionMask = 2147483647;
			files = (
				9624182E2338C85A00292F98 /* Bond.framework in Frameworks */,
				962418332338C85D00292F98 /* ReactiveKit.framework in Frameworks */,
				962418312338C85B00292F98 /* Differ.framework in Frameworks */,
			);
			runOnlyForDeploymentPostprocessing = 0;
		};
		962417FA2338BDA600292F98 /* Frameworks */ = {
			isa = PBXFrameworksBuildPhase;
			buildActionMask = 2147483647;
			files = (
			);
			runOnlyForDeploymentPostprocessing = 0;
		};
/* End PBXFrameworksBuildPhase section */

/* Begin PBXGroup section */
		962417DE2338BDA500292F98 = {
			isa = PBXGroup;
			children = (
				962417E92338BDA500292F98 /* WorldRemitTechTest */,
				962418002338BDA600292F98 /* WorldRemitTechTestTests */,
				962417E82338BDA500292F98 /* Products */,
				962418242338C75C00292F98 /* Frameworks */,
			);
			sourceTree = "<group>";
		};
		962417E82338BDA500292F98 /* Products */ = {
			isa = PBXGroup;
			children = (
				962417E72338BDA500292F98 /* WorldRemitTechTest.app */,
				962417FD2338BDA600292F98 /* WorldRemitTechTestTests.xctest */,
			);
			name = Products;
			sourceTree = "<group>";
		};
		962417E92338BDA500292F98 /* WorldRemitTechTest */ = {
			isa = PBXGroup;
			children = (
				962418502338E04900292F98 /* Extensions */,
				9624183A2338D0AA00292F98 /* Model */,
				9624181B2338C58000292F98 /* Networking */,
				962418372338CD8900292F98 /* Home Screen */,
				962417EA2338BDA500292F98 /* AppDelegate.swift */,
				962417F02338BDA500292F98 /* Main.storyboard */,
				962417F32338BDA500292F98 /* Assets.xcassets */,
				962417F52338BDA500292F98 /* LaunchScreen.storyboard */,
				962417F82338BDA500292F98 /* Info.plist */,
			);
			path = WorldRemitTechTest;
			sourceTree = "<group>";
		};
		962418002338BDA600292F98 /* WorldRemitTechTestTests */ = {
			isa = PBXGroup;
			children = (
				962418422338D86700292F98 /* Mocks */,
				962418202338C66200292F98 /* JSON */,
				962418562338E16600292F98 /* Networking */,
				962418552338E15700292F98 /* Home */,
				962418032338BDA600292F98 /* Info.plist */,
				962418172338BF4700292F98 /* TestHelpers.swift */,
			);
			path = WorldRemitTechTestTests;
			sourceTree = "<group>";
		};
		9624180C2338BDB400292F98 /* Client */ = {
			isa = PBXGroup;
			children = (
				9624180D2338BDB400292F98 /* Session.swift */,
				9624180E2338BDB400292F98 /* SessionErrors.swift */,
				9624180F2338BDB400292F98 /* Request.swift */,
				962418102338BDB400292F98 /* ResponseParser.swift */,
			);
			path = Client;
			sourceTree = "<group>";
		};
		9624181B2338C58000292F98 /* Networking */ = {
			isa = PBXGroup;
			children = (
				9624180C2338BDB400292F98 /* Client */,
				9624183B2338D0B900292F98 /* Requests */,
			);
			path = Networking;
			sourceTree = "<group>";
		};
		962418202338C66200292F98 /* JSON */ = {
			isa = PBXGroup;
			children = (
				962418212338C67600292F98 /* UsersResponse.json */,
			);
			path = JSON;
			sourceTree = "<group>";
		};
		962418242338C75C00292F98 /* Frameworks */ = {
			isa = PBXGroup;
			children = (
				9624182B2338C78700292F98 /* ReactiveKit.framework */,
				962418292338C77E00292F98 /* Differ.framework */,
				962418272338C77100292F98 /* Bond.framework */,
			);
			name = Frameworks;
			sourceTree = "<group>";
		};
		962418372338CD8900292F98 /* Home Screen */ = {
			isa = PBXGroup;
			children = (
				962418472338DA5400292F98 /* Cell */,
				962418382338CE7A00292F98 /* TopUsersContext.swift */,
				962418452338D9C100292F98 /* HomeViewModel.swift */,
				962417EE2338BDA500292F98 /* HomeViewController.swift */,
			);
			path = "Home Screen";
			sourceTree = "<group>";
		};
		9624183A2338D0AA00292F98 /* Model */ = {
			isa = PBXGroup;
			children = (
				9624181C2338C5B700292F98 /* UsersResponse.swift */,
				9624181E2338C5C300292F98 /* User.swift */,
			);
			path = Model;
			sourceTree = "<group>";
		};
		9624183B2338D0B900292F98 /* Requests */ = {
			isa = PBXGroup;
			children = (
				9624183C2338D0CB00292F98 /* TopUsersRequest.swift */,
			);
			path = Requests;
			sourceTree = "<group>";
		};
		962418422338D86700292F98 /* Mocks */ = {
			isa = PBXGroup;
			children = (
				962418402338D84800292F98 /* MockSession.swift */,
				9624184E2338DBBA00292F98 /* MockTopUsersRetrieving.swift */,
			);
			path = Mocks;
			sourceTree = "<group>";
		};
		962418472338DA5400292F98 /* Cell */ = {
			isa = PBXGroup;
			children = (
				962418482338DA6200292F98 /* UserCell.xib */,
				9624184A2338DA6D00292F98 /* UserCell.swift */,
			);
			path = Cell;
			sourceTree = "<group>";
		};
		962418502338E04900292F98 /* Extensions */ = {
			isa = PBXGroup;
			children = (
				962418512338E05800292F98 /* UIActivityIndicatorView+Reactive.swift */,
			);
			path = Extensions;
			sourceTree = "<group>";
		};
		962418552338E15700292F98 /* Home */ = {
			isa = PBXGroup;
			children = (
				9624184C2338DB7300292F98 /* HomeViewModelTests.swift */,
				962418532338E15300292F98 /* HomeViewControllerTests.swift */,
			);
			path = Home;
			sourceTree = "<group>";
		};
		962418562338E16600292F98 /* Networking */ = {
			isa = PBXGroup;
			children = (
				962418152338BE0500292F98 /* ResponseParsingTests.swift */,
				9624183E2338D62D00292F98 /* TopUsersRequestTests.swift */,
				962418432338D87900292F98 /* TopUsersContextTests.swift */,
			);
			path = Networking;
			sourceTree = "<group>";
		};
/* End PBXGroup section */

/* Begin PBXNativeTarget section */
		962417E62338BDA500292F98 /* WorldRemitTechTest */ = {
			isa = PBXNativeTarget;
			buildConfigurationList = 962418062338BDA600292F98 /* Build configuration list for PBXNativeTarget "WorldRemitTechTest" */;
			buildPhases = (
				962418192338C03C00292F98 /* Swiftlint */,
				9624181A2338C04B00292F98 /* Swiftformat */,
				962417E32338BDA500292F98 /* Sources */,
				962417E42338BDA500292F98 /* Frameworks */,
				962417E52338BDA500292F98 /* Resources */,
				962418302338C85A00292F98 /* Embed Frameworks */,
			);
			buildRules = (
			);
			dependencies = (
			);
			name = WorldRemitTechTest;
			productName = WorldRemitTechTest;
			productReference = 962417E72338BDA500292F98 /* WorldRemitTechTest.app */;
			productType = "com.apple.product-type.application";
		};
		962417FC2338BDA600292F98 /* WorldRemitTechTestTests */ = {
			isa = PBXNativeTarget;
			buildConfigurationList = 962418092338BDA600292F98 /* Build configuration list for PBXNativeTarget "WorldRemitTechTestTests" */;
			buildPhases = (
				962417F92338BDA600292F98 /* Sources */,
				962417FA2338BDA600292F98 /* Frameworks */,
				962417FB2338BDA600292F98 /* Resources */,
			);
			buildRules = (
			);
			dependencies = (
				962417FF2338BDA600292F98 /* PBXTargetDependency */,
			);
			name = WorldRemitTechTestTests;
			productName = WorldRemitTechTestTests;
			productReference = 962417FD2338BDA600292F98 /* WorldRemitTechTestTests.xctest */;
			productType = "com.apple.product-type.bundle.unit-test";
		};
/* End PBXNativeTarget section */

/* Begin PBXProject section */
		962417DF2338BDA500292F98 /* Project object */ = {
			isa = PBXProject;
			attributes = {
				LastSwiftUpdateCheck = 1100;
				LastUpgradeCheck = 1100;
				ORGANIZATIONNAME = "Seb Skuse";
				TargetAttributes = {
					962417E62338BDA500292F98 = {
						CreatedOnToolsVersion = 11.0;
					};
					962417FC2338BDA600292F98 = {
						CreatedOnToolsVersion = 11.0;
						TestTargetID = 962417E62338BDA500292F98;
					};
				};
			};
			buildConfigurationList = 962417E22338BDA500292F98 /* Build configuration list for PBXProject "WorldRemitTechTest" */;
			compatibilityVersion = "Xcode 9.3";
			developmentRegion = en;
			hasScannedForEncodings = 0;
			knownRegions = (
				en,
				Base,
			);
			mainGroup = 962417DE2338BDA500292F98;
			productRefGroup = 962417E82338BDA500292F98 /* Products */;
			projectDirPath = "";
			projectRoot = "";
			targets = (
				962417E62338BDA500292F98 /* WorldRemitTechTest */,
				962417FC2338BDA600292F98 /* WorldRemitTechTestTests */,
			);
		};
/* End PBXProject section */

/* Begin PBXResourcesBuildPhase section */
		962417E52338BDA500292F98 /* Resources */ = {
			isa = PBXResourcesBuildPhase;
			buildActionMask = 2147483647;
			files = (
				962418492338DA6200292F98 /* UserCell.xib in Resources */,
				962417F72338BDA500292F98 /* LaunchScreen.storyboard in Resources */,
				962417F42338BDA500292F98 /* Assets.xcassets in Resources */,
				962417F22338BDA500292F98 /* Main.storyboard in Resources */,
			);
			runOnlyForDeploymentPostprocessing = 0;
		};
		962417FB2338BDA600292F98 /* Resources */ = {
			isa = PBXResourcesBuildPhase;
			buildActionMask = 2147483647;
			files = (
				962418222338C67600292F98 /* UsersResponse.json in Resources */,
			);
			runOnlyForDeploymentPostprocessing = 0;
		};
/* End PBXResourcesBuildPhase section */

/* Begin PBXShellScriptBuildPhase section */
		962418192338C03C00292F98 /* Swiftlint */ = {
			isa = PBXShellScriptBuildPhase;
			buildActionMask = 2147483647;
			files = (
			);
			inputFileListPaths = (
			);
			inputPaths = (
			);
			name = Swiftlint;
			outputFileListPaths = (
			);
			outputPaths = (
			);
			runOnlyForDeploymentPostprocessing = 0;
			shellPath = /bin/sh;
			shellScript = "if which swiftlint >/dev/null; then\nswiftlint\nelse\necho \"warning: SwiftLint not installed, download from https://github.com/realm/SwiftLint\"\nfi\n";
		};
		9624181A2338C04B00292F98 /* Swiftformat */ = {
			isa = PBXShellScriptBuildPhase;
			buildActionMask = 2147483647;
			files = (
			);
			inputFileListPaths = (
			);
			inputPaths = (
			);
			name = Swiftformat;
			outputFileListPaths = (
			);
			outputPaths = (
			);
			runOnlyForDeploymentPostprocessing = 0;
			shellPath = /bin/sh;
			shellScript = "if which swiftformat >/dev/null; then\nswiftformat .\nelse\necho \"warning: SwiftFormat not installed, download from https://github.com/nicklockwood/SwiftFormat\"\nfi\n";
		};
/* End PBXShellScriptBuildPhase section */

/* Begin PBXSourcesBuildPhase section */
		962417E32338BDA500292F98 /* Sources */ = {
			isa = PBXSourcesBuildPhase;
			buildActionMask = 2147483647;
			files = (
				9624183D2338D0CB00292F98 /* TopUsersRequest.swift in Sources */,
				962418462338D9C100292F98 /* HomeViewModel.swift in Sources */,
				962418112338BDB400292F98 /* Session.swift in Sources */,
				962418132338BDB400292F98 /* Request.swift in Sources */,
				962418122338BDB400292F98 /* SessionErrors.swift in Sources */,
				962417EF2338BDA500292F98 /* HomeViewController.swift in Sources */,
				9624181F2338C5C300292F98 /* User.swift in Sources */,
				962417EB2338BDA500292F98 /* AppDelegate.swift in Sources */,
				962418522338E05800292F98 /* UIActivityIndicatorView+Reactive.swift in Sources */,
				9624184B2338DA6D00292F98 /* UserCell.swift in Sources */,
				9624181D2338C5B700292F98 /* UsersResponse.swift in Sources */,
				962418392338CE7A00292F98 /* TopUsersContext.swift in Sources */,
				962418142338BDB400292F98 /* ResponseParser.swift in Sources */,
			);
			runOnlyForDeploymentPostprocessing = 0;
		};
		962417F92338BDA600292F98 /* Sources */ = {
			isa = PBXSourcesBuildPhase;
			buildActionMask = 2147483647;
			files = (
				962418442338D87900292F98 /* TopUsersContextTests.swift in Sources */,
				962418162338BE0500292F98 /* ResponseParsingTests.swift in Sources */,
				9624184F2338DBBA00292F98 /* MockTopUsersRetrieving.swift in Sources */,
				962418542338E15300292F98 /* HomeViewControllerTests.swift in Sources */,
				9624183F2338D62D00292F98 /* TopUsersRequestTests.swift in Sources */,
				962418412338D84800292F98 /* MockSession.swift in Sources */,
				962418182338BF4700292F98 /* TestHelpers.swift in Sources */,
				9624184D2338DB7300292F98 /* HomeViewModelTests.swift in Sources */,
			);
			runOnlyForDeploymentPostprocessing = 0;
		};
/* End PBXSourcesBuildPhase section */

/* Begin PBXTargetDependency section */
		962417FF2338BDA600292F98 /* PBXTargetDependency */ = {
			isa = PBXTargetDependency;
			target = 962417E62338BDA500292F98 /* WorldRemitTechTest */;
			targetProxy = 962417FE2338BDA600292F98 /* PBXContainerItemProxy */;
		};
/* End PBXTargetDependency section */

/* Begin PBXVariantGroup section */
		962417F02338BDA500292F98 /* Main.storyboard */ = {
			isa = PBXVariantGroup;
			children = (
				962417F12338BDA500292F98 /* Base */,
			);
			name = Main.storyboard;
			sourceTree = "<group>";
		};
		962417F52338BDA500292F98 /* LaunchScreen.storyboard */ = {
			isa = PBXVariantGroup;
			children = (
				962417F62338BDA500292F98 /* Base */,
			);
			name = LaunchScreen.storyboard;
			sourceTree = "<group>";
		};
/* End PBXVariantGroup section */

/* Begin XCBuildConfiguration section */
		962418042338BDA600292F98 /* Debug */ = {
			isa = XCBuildConfiguration;
			buildSettings = {
				ALWAYS_SEARCH_USER_PATHS = NO;
				CLANG_ANALYZER_NONNULL = YES;
				CLANG_ANALYZER_NUMBER_OBJECT_CONVERSION = YES_AGGRESSIVE;
				CLANG_CXX_LANGUAGE_STANDARD = "gnu++14";
				CLANG_CXX_LIBRARY = "libc++";
				CLANG_ENABLE_MODULES = YES;
				CLANG_ENABLE_OBJC_ARC = YES;
				CLANG_ENABLE_OBJC_WEAK = YES;
				CLANG_WARN_BLOCK_CAPTURE_AUTORELEASING = YES;
				CLANG_WARN_BOOL_CONVERSION = YES;
				CLANG_WARN_COMMA = YES;
				CLANG_WARN_CONSTANT_CONVERSION = YES;
				CLANG_WARN_DEPRECATED_OBJC_IMPLEMENTATIONS = YES;
				CLANG_WARN_DIRECT_OBJC_ISA_USAGE = YES_ERROR;
				CLANG_WARN_DOCUMENTATION_COMMENTS = YES;
				CLANG_WARN_EMPTY_BODY = YES;
				CLANG_WARN_ENUM_CONVERSION = YES;
				CLANG_WARN_INFINITE_RECURSION = YES;
				CLANG_WARN_INT_CONVERSION = YES;
				CLANG_WARN_NON_LITERAL_NULL_CONVERSION = YES;
				CLANG_WARN_OBJC_IMPLICIT_RETAIN_SELF = YES;
				CLANG_WARN_OBJC_LITERAL_CONVERSION = YES;
				CLANG_WARN_OBJC_ROOT_CLASS = YES_ERROR;
				CLANG_WARN_RANGE_LOOP_ANALYSIS = YES;
				CLANG_WARN_STRICT_PROTOTYPES = YES;
				CLANG_WARN_SUSPICIOUS_MOVE = YES;
				CLANG_WARN_UNGUARDED_AVAILABILITY = YES_AGGRESSIVE;
				CLANG_WARN_UNREACHABLE_CODE = YES;
				CLANG_WARN__DUPLICATE_METHOD_MATCH = YES;
				COPY_PHASE_STRIP = NO;
				DEBUG_INFORMATION_FORMAT = dwarf;
				ENABLE_STRICT_OBJC_MSGSEND = YES;
				ENABLE_TESTABILITY = YES;
				GCC_C_LANGUAGE_STANDARD = gnu11;
				GCC_DYNAMIC_NO_PIC = NO;
				GCC_NO_COMMON_BLOCKS = YES;
				GCC_OPTIMIZATION_LEVEL = 0;
				GCC_PREPROCESSOR_DEFINITIONS = (
					"DEBUG=1",
					"$(inherited)",
				);
				GCC_WARN_64_TO_32_BIT_CONVERSION = YES;
				GCC_WARN_ABOUT_RETURN_TYPE = YES_ERROR;
				GCC_WARN_UNDECLARED_SELECTOR = YES;
				GCC_WARN_UNINITIALIZED_AUTOS = YES_AGGRESSIVE;
				GCC_WARN_UNUSED_FUNCTION = YES;
				GCC_WARN_UNUSED_VARIABLE = YES;
				IPHONEOS_DEPLOYMENT_TARGET = 13.0;
				MTL_ENABLE_DEBUG_INFO = INCLUDE_SOURCE;
				MTL_FAST_MATH = YES;
				ONLY_ACTIVE_ARCH = YES;
				SDKROOT = iphoneos;
				SWIFT_ACTIVE_COMPILATION_CONDITIONS = DEBUG;
				SWIFT_OPTIMIZATION_LEVEL = "-Onone";
			};
			name = Debug;
		};
		962418052338BDA600292F98 /* Release */ = {
			isa = XCBuildConfiguration;
			buildSettings = {
				ALWAYS_SEARCH_USER_PATHS = NO;
				CLANG_ANALYZER_NONNULL = YES;
				CLANG_ANALYZER_NUMBER_OBJECT_CONVERSION = YES_AGGRESSIVE;
				CLANG_CXX_LANGUAGE_STANDARD = "gnu++14";
				CLANG_CXX_LIBRARY = "libc++";
				CLANG_ENABLE_MODULES = YES;
				CLANG_ENABLE_OBJC_ARC = YES;
				CLANG_ENABLE_OBJC_WEAK = YES;
				CLANG_WARN_BLOCK_CAPTURE_AUTORELEASING = YES;
				CLANG_WARN_BOOL_CONVERSION = YES;
				CLANG_WARN_COMMA = YES;
				CLANG_WARN_CONSTANT_CONVERSION = YES;
				CLANG_WARN_DEPRECATED_OBJC_IMPLEMENTATIONS = YES;
				CLANG_WARN_DIRECT_OBJC_ISA_USAGE = YES_ERROR;
				CLANG_WARN_DOCUMENTATION_COMMENTS = YES;
				CLANG_WARN_EMPTY_BODY = YES;
				CLANG_WARN_ENUM_CONVERSION = YES;
				CLANG_WARN_INFINITE_RECURSION = YES;
				CLANG_WARN_INT_CONVERSION = YES;
				CLANG_WARN_NON_LITERAL_NULL_CONVERSION = YES;
				CLANG_WARN_OBJC_IMPLICIT_RETAIN_SELF = YES;
				CLANG_WARN_OBJC_LITERAL_CONVERSION = YES;
				CLANG_WARN_OBJC_ROOT_CLASS = YES_ERROR;
				CLANG_WARN_RANGE_LOOP_ANALYSIS = YES;
				CLANG_WARN_STRICT_PROTOTYPES = YES;
				CLANG_WARN_SUSPICIOUS_MOVE = YES;
				CLANG_WARN_UNGUARDED_AVAILABILITY = YES_AGGRESSIVE;
				CLANG_WARN_UNREACHABLE_CODE = YES;
				CLANG_WARN__DUPLICATE_METHOD_MATCH = YES;
				COPY_PHASE_STRIP = NO;
				DEBUG_INFORMATION_FORMAT = "dwarf-with-dsym";
				ENABLE_NS_ASSERTIONS = NO;
				ENABLE_STRICT_OBJC_MSGSEND = YES;
				GCC_C_LANGUAGE_STANDARD = gnu11;
				GCC_NO_COMMON_BLOCKS = YES;
				GCC_WARN_64_TO_32_BIT_CONVERSION = YES;
				GCC_WARN_ABOUT_RETURN_TYPE = YES_ERROR;
				GCC_WARN_UNDECLARED_SELECTOR = YES;
				GCC_WARN_UNINITIALIZED_AUTOS = YES_AGGRESSIVE;
				GCC_WARN_UNUSED_FUNCTION = YES;
				GCC_WARN_UNUSED_VARIABLE = YES;
				IPHONEOS_DEPLOYMENT_TARGET = 13.0;
				MTL_ENABLE_DEBUG_INFO = NO;
				MTL_FAST_MATH = YES;
				SDKROOT = iphoneos;
				SWIFT_COMPILATION_MODE = wholemodule;
				SWIFT_OPTIMIZATION_LEVEL = "-O";
				VALIDATE_PRODUCT = YES;
			};
			name = Release;
		};
		962418072338BDA600292F98 /* Debug */ = {
			isa = XCBuildConfiguration;
			buildSettings = {
				ASSETCATALOG_COMPILER_APPICON_NAME = AppIcon;
				CODE_SIGN_STYLE = Automatic;
				DEVELOPMENT_TEAM = 32S28VR3SV;
				FRAMEWORK_SEARCH_PATHS = (
					"$(inherited)",
					"$(PROJECT_DIR)/Carthage/Build/iOS",
				);
				INFOPLIST_FILE = WorldRemitTechTest/Info.plist;
				IPHONEOS_DEPLOYMENT_TARGET = 11.0;
				LD_RUNPATH_SEARCH_PATHS = (
					"$(inherited)",
					"@executable_path/Frameworks",
				);
				PRODUCT_BUNDLE_IDENTIFIER = com.sebskuse.WorldRemitTechTest;
				PRODUCT_NAME = "$(TARGET_NAME)";
				SWIFT_VERSION = 5.0;
				TARGETED_DEVICE_FAMILY = "1,2";
			};
			name = Debug;
		};
		962418082338BDA600292F98 /* Release */ = {
			isa = XCBuildConfiguration;
			buildSettings = {
				ASSETCATALOG_COMPILER_APPICON_NAME = AppIcon;
				CODE_SIGN_STYLE = Automatic;
				DEVELOPMENT_TEAM = 32S28VR3SV;
				FRAMEWORK_SEARCH_PATHS = (
					"$(inherited)",
					"$(PROJECT_DIR)/Carthage/Build/iOS",
				);
				INFOPLIST_FILE = WorldRemitTechTest/Info.plist;
				IPHONEOS_DEPLOYMENT_TARGET = 11.0;
				LD_RUNPATH_SEARCH_PATHS = (
					"$(inherited)",
					"@executable_path/Frameworks",
				);
				PRODUCT_BUNDLE_IDENTIFIER = com.sebskuse.WorldRemitTechTest;
				PRODUCT_NAME = "$(TARGET_NAME)";
				SWIFT_VERSION = 5.0;
				TARGETED_DEVICE_FAMILY = "1,2";
			};
			name = Release;
		};
		9624180A2338BDA600292F98 /* Debug */ = {
			isa = XCBuildConfiguration;
			buildSettings = {
				ALWAYS_EMBED_SWIFT_STANDARD_LIBRARIES = YES;
				BUNDLE_LOADER = "$(TEST_HOST)";
				CODE_SIGN_STYLE = Automatic;
				DEVELOPMENT_TEAM = 32S28VR3SV;
				FRAMEWORK_SEARCH_PATHS = (
					"$(inherited)",
					"$(PROJECT_DIR)/Carthage/Build/iOS",
				);
				INFOPLIST_FILE = WorldRemitTechTestTests/Info.plist;
				IPHONEOS_DEPLOYMENT_TARGET = 11.0;
				LD_RUNPATH_SEARCH_PATHS = (
					"$(inherited)",
					"@executable_path/Frameworks",
					"@loader_path/Frameworks",
					"$(SRCROOT)/Carthage/Build/iOS",
				);
				PRODUCT_BUNDLE_IDENTIFIER = com.sebskuse.WorldRemitTechTestTests;
				PRODUCT_NAME = "$(TARGET_NAME)";
				SWIFT_VERSION = 5.0;
				TARGETED_DEVICE_FAMILY = "1,2";
				TEST_HOST = "$(BUILT_PRODUCTS_DIR)/WorldRemitTechTest.app/WorldRemitTechTest";
			};
			name = Debug;
		};
		9624180B2338BDA600292F98 /* Release */ = {
			isa = XCBuildConfiguration;
			buildSettings = {
				ALWAYS_EMBED_SWIFT_STANDARD_LIBRARIES = YES;
				BUNDLE_LOADER = "$(TEST_HOST)";
				CODE_SIGN_STYLE = Automatic;
				DEVELOPMENT_TEAM = 32S28VR3SV;
				FRAMEWORK_SEARCH_PATHS = (
					"$(inherited)",
					"$(PROJECT_DIR)/Carthage/Build/iOS",
				);
				INFOPLIST_FILE = WorldRemitTechTestTests/Info.plist;
				IPHONEOS_DEPLOYMENT_TARGET = 11.0;
				LD_RUNPATH_SEARCH_PATHS = (
					"$(inherited)",
					"@executable_path/Frameworks",
					"@loader_path/Frameworks",
					"$(SRCROOT)/Carthage/Build/iOS",
				);
				PRODUCT_BUNDLE_IDENTIFIER = com.sebskuse.WorldRemitTechTestTests;
				PRODUCT_NAME = "$(TARGET_NAME)";
				SWIFT_VERSION = 5.0;
				TARGETED_DEVICE_FAMILY = "1,2";
				TEST_HOST = "$(BUILT_PRODUCTS_DIR)/WorldRemitTechTest.app/WorldRemitTechTest";
			};
			name = Release;
		};
/* End XCBuildConfiguration section */

/* Begin XCConfigurationList section */
		962417E22338BDA500292F98 /* Build configuration list for PBXProject "WorldRemitTechTest" */ = {
			isa = XCConfigurationList;
			buildConfigurations = (
				962418042338BDA600292F98 /* Debug */,
				962418052338BDA600292F98 /* Release */,
			);
			defaultConfigurationIsVisible = 0;
			defaultConfigurationName = Release;
		};
		962418062338BDA600292F98 /* Build configuration list for PBXNativeTarget "WorldRemitTechTest" */ = {
			isa = XCConfigurationList;
			buildConfigurations = (
				962418072338BDA600292F98 /* Debug */,
				962418082338BDA600292F98 /* Release */,
			);
			defaultConfigurationIsVisible = 0;
			defaultConfigurationName = Release;
		};
		962418092338BDA600292F98 /* Build configuration list for PBXNativeTarget "WorldRemitTechTestTests" */ = {
			isa = XCConfigurationList;
			buildConfigurations = (
				9624180A2338BDA600292F98 /* Debug */,
				9624180B2338BDA600292F98 /* Release */,
			);
			defaultConfigurationIsVisible = 0;
			defaultConfigurationName = Release;
		};
/* End XCConfigurationList section */
	};
	rootObject = 962417DF2338BDA500292F98 /* Project object */;
}
