// !$*UTF8*$!
{
	archiveVersion = 1;
	classes = {
	};
	objectVersion = 50;
	objects = {

/* Begin PBXBuildFile section */
		962417EB2338BDA500292F98 /* AppDelegate.swift in Sources */ = {isa = PBXBuildFile; fileRef = 962417EA2338BDA500292F98 /* AppDelegate.swift */; };
		962417ED2338BDA500292F98 /* SceneDelegate.swift in Sources */ = {isa = PBXBuildFile; fileRef = 962417EC2338BDA500292F98 /* SceneDelegate.swift */; };
		962417EF2338BDA500292F98 /* ViewController.swift in Sources */ = {isa = PBXBuildFile; fileRef = 962417EE2338BDA500292F98 /* ViewController.swift */; };
		962417F22338BDA500292F98 /* Main.storyboard in Resources */ = {isa = PBXBuildFile; fileRef = 962417F02338BDA500292F98 /* Main.storyboard */; };
		962417F42338BDA500292F98 /* Assets.xcassets in Resources */ = {isa = PBXBuildFile; fileRef = 962417F32338BDA500292F98 /* Assets.xcassets */; };
		962417F72338BDA500292F98 /* LaunchScreen.storyboard in Resources */ = {isa = PBXBuildFile; fileRef = 962417F52338BDA500292F98 /* LaunchScreen.storyboard */; };
		962418022338BDA600292F98 /* WorldRemitTechTestTests.swift in Sources */ = {isa = PBXBuildFile; fileRef = 962418012338BDA600292F98 /* WorldRemitTechTestTests.swift */; };
/* End PBXBuildFile section */

/* Begin PBXContainerItemProxy section */
		962417FE2338BDA600292F98 /* PBXContainerItemProxy */ = {
			isa = PBXContainerItemProxy;
			containerPortal = 962417DF2338BDA500292F98 /* Project object */;
			proxyType = 1;
			remoteGlobalIDString = 962417E62338BDA500292F98;
			remoteInfo = WorldRemitTechTest;
		};
/* End PBXContainerItemProxy section */

/* Begin PBXFileReference section */
		962417E72338BDA500292F98 /* WorldRemitTechTest.app */ = {isa = PBXFileReference; explicitFileType = wrapper.application; includeInIndex = 0; path = WorldRemitTechTest.app; sourceTree = BUILT_PRODUCTS_DIR; };
		962417EA2338BDA500292F98 /* AppDelegate.swift */ = {isa = PBXFileReference; lastKnownFileType = sourcecode.swift; path = AppDelegate.swift; sourceTree = "<group>"; };
		962417EC2338BDA500292F98 /* SceneDelegate.swift */ = {isa = PBXFileReference; lastKnownFileType = sourcecode.swift; path = SceneDelegate.swift; sourceTree = "<group>"; };
		962417EE2338BDA500292F98 /* ViewController.swift */ = {isa = PBXFileReference; lastKnownFileType = sourcecode.swift; path = ViewController.swift; sourceTree = "<group>"; };
		962417F12338BDA500292F98 /* Base */ = {isa = PBXFileReference; lastKnownFileType = file.storyboard; name = Base; path = Base.lproj/Main.storyboard; sourceTree = "<group>"; };
		962417F32338BDA500292F98 /* Assets.xcassets */ = {isa = PBXFileReference; lastKnownFileType = folder.assetcatalog; path = Assets.xcassets; sourceTree = "<group>"; };
		962417F62338BDA500292F98 /* Base */ = {isa = PBXFileReference; lastKnownFileType = file.storyboard; name = Base; path = Base.lproj/LaunchScreen.storyboard; sourceTree = "<group>"; };
		962417F82338BDA500292F98 /* Info.plist */ = {isa = PBXFileReference; lastKnownFileType = text.plist.xml; path = Info.plist; sourceTree = "<group>"; };
		962417FD2338BDA600292F98 /* WorldRemitTechTestTests.xctest */ = {isa = PBXFileReference; explicitFileType = wrapper.cfbundle; includeInIndex = 0; path = WorldRemitTechTestTests.xctest; sourceTree = BUILT_PRODUCTS_DIR; };
		962418012338BDA600292F98 /* WorldRemitTechTestTests.swift */ = {isa = PBXFileReference; lastKnownFileType = sourcecode.swift; path = WorldRemitTechTestTests.swift; sourceTree = "<group>"; };
		962418032338BDA600292F98 /* Info.plist */ = {isa = PBXFileReference; lastKnownFileType = text.plist.xml; path = Info.plist; sourceTree = "<group>"; };
/* End PBXFileReference section */

/* Begin PBXFrameworksBuildPhase section */
		962417E42338BDA500292F98 /* Frameworks */ = {
			isa = PBXFrameworksBuildPhase;
			buildActionMask = 2147483647;
			files = (
			);
			runOnlyForDeploymentPostprocessing = 0;
		};
		962417FA2338BDA600292F98 /* Frameworks */ = {
			isa = PBXFrameworksBuildPhase;
			buildActionMask = 2147483647;
			files = (
			);
			runOnlyForDeploymentPostprocessing = 0;
		};
/* End PBXFrameworksBuildPhase section */

/* Begin PBXGroup section */
		962417DE2338BDA500292F98 = {
			isa = PBXGroup;
			children = (
				962417E92338BDA500292F98 /* WorldRemitTechTest */,
				962418002338BDA600292F98 /* WorldRemitTechTestTests */,
				962417E82338BDA500292F98 /* Products */,
			);
			sourceTree = "<group>";
		};
		962417E82338BDA500292F98 /* Products */ = {
			isa = PBXGroup;
			children = (
				962417E72338BDA500292F98 /* WorldRemitTechTest.app */,
				962417FD2338BDA600292F98 /* WorldRemitTechTestTests.xctest */,
			);
			name = Products;
			sourceTree = "<group>";
		};
		962417E92338BDA500292F98 /* WorldRemitTechTest */ = {
			isa = PBXGroup;
			children = (
				962417EA2338BDA500292F98 /* AppDelegate.swift */,
				962417EC2338BDA500292F98 /* SceneDelegate.swift */,
				962417EE2338BDA500292F98 /* ViewController.swift */,
				962417F02338BDA500292F98 /* Main.storyboard */,
				962417F32338BDA500292F98 /* Assets.xcassets */,
				962417F52338BDA500292F98 /* LaunchScreen.storyboard */,
				962417F82338BDA500292F98 /* Info.plist */,
			);
			path = WorldRemitTechTest;
			sourceTree = "<group>";
		};
		962418002338BDA600292F98 /* WorldRemitTechTestTests */ = {
			isa = PBXGroup;
			children = (
				962418012338BDA600292F98 /* WorldRemitTechTestTests.swift */,
				962418032338BDA600292F98 /* Info.plist */,
			);
			path = WorldRemitTechTestTests;
			sourceTree = "<group>";
		};
/* End PBXGroup section */

/* Begin PBXNativeTarget section */
		962417E62338BDA500292F98 /* WorldRemitTechTest */ = {
			isa = PBXNativeTarget;
			buildConfigurationList = 962418062338BDA600292F98 /* Build configuration list for PBXNativeTarget "WorldRemitTechTest" */;
			buildPhases = (
				962417E32338BDA500292F98 /* Sources */,
				962417E42338BDA500292F98 /* Frameworks */,
				962417E52338BDA500292F98 /* Resources */,
			);
			buildRules = (
			);
			dependencies = (
			);
			name = WorldRemitTechTest;
			productName = WorldRemitTechTest;
			productReference = 962417E72338BDA500292F98 /* WorldRemitTechTest.app */;
			productType = "com.apple.product-type.application";
		};
		962417FC2338BDA600292F98 /* WorldRemitTechTestTests */ = {
			isa = PBXNativeTarget;
			buildConfigurationList = 962418092338BDA600292F98 /* Build configuration list for PBXNativeTarget "WorldRemitTechTestTests" */;
			buildPhases = (
				962417F92338BDA600292F98 /* Sources */,
				962417FA2338BDA600292F98 /* Frameworks */,
				962417FB2338BDA600292F98 /* Resources */,
			);
			buildRules = (
			);
			dependencies = (
				962417FF2338BDA600292F98 /* PBXTargetDependency */,
			);
			name = WorldRemitTechTestTests;
			productName = WorldRemitTechTestTests;
			productReference = 962417FD2338BDA600292F98 /* WorldRemitTechTestTests.xctest */;
			productType = "com.apple.product-type.bundle.unit-test";
		};
/* End PBXNativeTarget section */

/* Begin PBXProject section */
		962417DF2338BDA500292F98 /* Project object */ = {
			isa = PBXProject;
			attributes = {
				LastSwiftUpdateCheck = 1100;
				LastUpgradeCheck = 1100;
				ORGANIZATIONNAME = "Seb Skuse";
				TargetAttributes = {
					962417E62338BDA500292F98 = {
						CreatedOnToolsVersion = 11.0;
					};
					962417FC2338BDA600292F98 = {
						CreatedOnToolsVersion = 11.0;
						TestTargetID = 962417E62338BDA500292F98;
					};
				};
			};
			buildConfigurationList = 962417E22338BDA500292F98 /* Build configuration list for PBXProject "WorldRemitTechTest" */;
			compatibilityVersion = "Xcode 9.3";
			developmentRegion = en;
			hasScannedForEncodings = 0;
			knownRegions = (
				en,
				Base,
			);
			mainGroup = 962417DE2338BDA500292F98;
			productRefGroup = 962417E82338BDA500292F98 /* Products */;
			projectDirPath = "";
			projectRoot = "";
			targets = (
				962417E62338BDA500292F98 /* WorldRemitTechTest */,
				962417FC2338BDA600292F98 /* WorldRemitTechTestTests */,
			);
		};
/* End PBXProject section */

/* Begin PBXResourcesBuildPhase section */
		962417E52338BDA500292F98 /* Resources */ = {
			isa = PBXResourcesBuildPhase;
			buildActionMask = 2147483647;
			files = (
				962417F72338BDA500292F98 /* LaunchScreen.storyboard in Resources */,
				962417F42338BDA500292F98 /* Assets.xcassets in Resources */,
				962417F22338BDA500292F98 /* Main.storyboard in Resources */,
			);
			runOnlyForDeploymentPostprocessing = 0;
		};
		962417FB2338BDA600292F98 /* Resources */ = {
			isa = PBXResourcesBuildPhase;
			buildActionMask = 2147483647;
			files = (
			);
			runOnlyForDeploymentPostprocessing = 0;
		};
/* End PBXResourcesBuildPhase section */

/* Begin PBXSourcesBuildPhase section */
		962417E32338BDA500292F98 /* Sources */ = {
			isa = PBXSourcesBuildPhase;
			buildActionMask = 2147483647;
			files = (
				962417EF2338BDA500292F98 /* ViewController.swift in Sources */,
				962417EB2338BDA500292F98 /* AppDelegate.swift in Sources */,
				962417ED2338BDA500292F98 /* SceneDelegate.swift in Sources */,
			);
			runOnlyForDeploymentPostprocessing = 0;
		};
		962417F92338BDA600292F98 /* Sources */ = {
			isa = PBXSourcesBuildPhase;
			buildActionMask = 2147483647;
			files = (
				962418022338BDA600292F98 /* WorldRemitTechTestTests.swift in Sources */,
			);
			runOnlyForDeploymentPostprocessing = 0;
		};
/* End PBXSourcesBuildPhase section */

/* Begin PBXTargetDependency section */
		962417FF2338BDA600292F98 /* PBXTargetDependency */ = {
			isa = PBXTargetDependency;
			target = 962417E62338BDA500292F98 /* WorldRemitTechTest */;
			targetProxy = 962417FE2338BDA600292F98 /* PBXContainerItemProxy */;
		};
/* End PBXTargetDependency section */

/* Begin PBXVariantGroup section */
		962417F02338BDA500292F98 /* Main.storyboard */ = {
			isa = PBXVariantGroup;
			children = (
				962417F12338BDA500292F98 /* Base */,
			);
			name = Main.storyboard;
			sourceTree = "<group>";
		};
		962417F52338BDA500292F98 /* LaunchScreen.storyboard */ = {
			isa = PBXVariantGroup;
			children = (
				962417F62338BDA500292F98 /* Base */,
			);
			name = LaunchScreen.storyboard;
			sourceTree = "<group>";
		};
/* End PBXVariantGroup section */

/* Begin XCBuildConfiguration section */
		962418042338BDA600292F98 /* Debug */ = {
			isa = XCBuildConfiguration;
			buildSettings = {
				ALWAYS_SEARCH_USER_PATHS = NO;
				CLANG_ANALYZER_NONNULL = YES;
				CLANG_ANALYZER_NUMBER_OBJECT_CONVERSION = YES_AGGRESSIVE;
				CLANG_CXX_LANGUAGE_STANDARD = "gnu++14";
				CLANG_CXX_LIBRARY = "libc++";
				CLANG_ENABLE_MODULES = YES;
				CLANG_ENABLE_OBJC_ARC = YES;
				CLANG_ENABLE_OBJC_WEAK = YES;
				CLANG_WARN_BLOCK_CAPTURE_AUTORELEASING = YES;
				CLANG_WARN_BOOL_CONVERSION = YES;
				CLANG_WARN_COMMA = YES;
				CLANG_WARN_CONSTANT_CONVERSION = YES;
				CLANG_WARN_DEPRECATED_OBJC_IMPLEMENTATIONS = YES;
				CLANG_WARN_DIRECT_OBJC_ISA_USAGE = YES_ERROR;
				CLANG_WARN_DOCUMENTATION_COMMENTS = YES;
				CLANG_WARN_EMPTY_BODY = YES;
				CLANG_WARN_ENUM_CONVERSION = YES;
				CLANG_WARN_INFINITE_RECURSION = YES;
				CLANG_WARN_INT_CONVERSION = YES;
				CLANG_WARN_NON_LITERAL_NULL_CONVERSION = YES;
				CLANG_WARN_OBJC_IMPLICIT_RETAIN_SELF = YES;
				CLANG_WARN_OBJC_LITERAL_CONVERSION = YES;
				CLANG_WARN_OBJC_ROOT_CLASS = YES_ERROR;
				CLANG_WARN_RANGE_LOOP_ANALYSIS = YES;
				CLANG_WARN_STRICT_PROTOTYPES = YES;
				CLANG_WARN_SUSPICIOUS_MOVE = YES;
				CLANG_WARN_UNGUARDED_AVAILABILITY = YES_AGGRESSIVE;
				CLANG_WARN_UNREACHABLE_CODE = YES;
				CLANG_WARN__DUPLICATE_METHOD_MATCH = YES;
				COPY_PHASE_STRIP = NO;
				DEBUG_INFORMATION_FORMAT = dwarf;
				ENABLE_STRICT_OBJC_MSGSEND = YES;
				ENABLE_TESTABILITY = YES;
				GCC_C_LANGUAGE_STANDARD = gnu11;
				GCC_DYNAMIC_NO_PIC = NO;
				GCC_NO_COMMON_BLOCKS = YES;
				GCC_OPTIMIZATION_LEVEL = 0;
				GCC_PREPROCESSOR_DEFINITIONS = (
					"DEBUG=1",
					"$(inherited)",
				);
				GCC_WARN_64_TO_32_BIT_CONVERSION = YES;
				GCC_WARN_ABOUT_RETURN_TYPE = YES_ERROR;
				GCC_WARN_UNDECLARED_SELECTOR = YES;
				GCC_WARN_UNINITIALIZED_AUTOS = YES_AGGRESSIVE;
				GCC_WARN_UNUSED_FUNCTION = YES;
				GCC_WARN_UNUSED_VARIABLE = YES;
				IPHONEOS_DEPLOYMENT_TARGET = 13.0;
				MTL_ENABLE_DEBUG_INFO = INCLUDE_SOURCE;
				MTL_FAST_MATH = YES;
				ONLY_ACTIVE_ARCH = YES;
				SDKROOT = iphoneos;
				SWIFT_ACTIVE_COMPILATION_CONDITIONS = DEBUG;
				SWIFT_OPTIMIZATION_LEVEL = "-Onone";
			};
			name = Debug;
		};
		962418052338BDA600292F98 /* Release */ = {
			isa = XCBuildConfiguration;
			buildSettings = {
				ALWAYS_SEARCH_USER_PATHS = NO;
				CLANG_ANALYZER_NONNULL = YES;
				CLANG_ANALYZER_NUMBER_OBJECT_CONVERSION = YES_AGGRESSIVE;
				CLANG_CXX_LANGUAGE_STANDARD = "gnu++14";
				CLANG_CXX_LIBRARY = "libc++";
				CLANG_ENABLE_MODULES = YES;
				CLANG_ENABLE_OBJC_ARC = YES;
				CLANG_ENABLE_OBJC_WEAK = YES;
				CLANG_WARN_BLOCK_CAPTURE_AUTORELEASING = YES;
				CLANG_WARN_BOOL_CONVERSION = YES;
				CLANG_WARN_COMMA = YES;
				CLANG_WARN_CONSTANT_CONVERSION = YES;
				CLANG_WARN_DEPRECATED_OBJC_IMPLEMENTATIONS = YES;
				CLANG_WARN_DIRECT_OBJC_ISA_USAGE = YES_ERROR;
				CLANG_WARN_DOCUMENTATION_COMMENTS = YES;
				CLANG_WARN_EMPTY_BODY = YES;
				CLANG_WARN_ENUM_CONVERSION = YES;
				CLANG_WARN_INFINITE_RECURSION = YES;
				CLANG_WARN_INT_CONVERSION = YES;
				CLANG_WARN_NON_LITERAL_NULL_CONVERSION = YES;
				CLANG_WARN_OBJC_IMPLICIT_RETAIN_SELF = YES;
				CLANG_WARN_OBJC_LITERAL_CONVERSION = YES;
				CLANG_WARN_OBJC_ROOT_CLASS = YES_ERROR;
				CLANG_WARN_RANGE_LOOP_ANALYSIS = YES;
				CLANG_WARN_STRICT_PROTOTYPES = YES;
				CLANG_WARN_SUSPICIOUS_MOVE = YES;
				CLANG_WARN_UNGUARDED_AVAILABILITY = YES_AGGRESSIVE;
				CLANG_WARN_UNREACHABLE_CODE = YES;
				CLANG_WARN__DUPLICATE_METHOD_MATCH = YES;
				COPY_PHASE_STRIP = NO;
				DEBUG_INFORMATION_FORMAT = "dwarf-with-dsym";
				ENABLE_NS_ASSERTIONS = NO;
				ENABLE_STRICT_OBJC_MSGSEND = YES;
				GCC_C_LANGUAGE_STANDARD = gnu11;
				GCC_NO_COMMON_BLOCKS = YES;
				GCC_WARN_64_TO_32_BIT_CONVERSION = YES;
				GCC_WARN_ABOUT_RETURN_TYPE = YES_ERROR;
				GCC_WARN_UNDECLARED_SELECTOR = YES;
				GCC_WARN_UNINITIALIZED_AUTOS = YES_AGGRESSIVE;
				GCC_WARN_UNUSED_FUNCTION = YES;
				GCC_WARN_UNUSED_VARIABLE = YES;
				IPHONEOS_DEPLOYMENT_TARGET = 13.0;
				MTL_ENABLE_DEBUG_INFO = NO;
				MTL_FAST_MATH = YES;
				SDKROOT = iphoneos;
				SWIFT_COMPILATION_MODE = wholemodule;
				SWIFT_OPTIMIZATION_LEVEL = "-O";
				VALIDATE_PRODUCT = YES;
			};
			name = Release;
		};
		962418072338BDA600292F98 /* Debug */ = {
			isa = XCBuildConfiguration;
			buildSettings = {
				ASSETCATALOG_COMPILER_APPICON_NAME = AppIcon;
				CODE_SIGN_STYLE = Automatic;
				DEVELOPMENT_TEAM = 32S28VR3SV;
				INFOPLIST_FILE = WorldRemitTechTest/Info.plist;
				LD_RUNPATH_SEARCH_PATHS = (
					"$(inherited)",
					"@executable_path/Frameworks",
				);
				PRODUCT_BUNDLE_IDENTIFIER = com.sebskuse.WorldRemitTechTest;
				PRODUCT_NAME = "$(TARGET_NAME)";
				SWIFT_VERSION = 5.0;
				TARGETED_DEVICE_FAMILY = "1,2";
			};
			name = Debug;
		};
		962418082338BDA600292F98 /* Release */ = {
			isa = XCBuildConfiguration;
			buildSettings = {
				ASSETCATALOG_COMPILER_APPICON_NAME = AppIcon;
				CODE_SIGN_STYLE = Automatic;
				DEVELOPMENT_TEAM = 32S28VR3SV;
				INFOPLIST_FILE = WorldRemitTechTest/Info.plist;
				LD_RUNPATH_SEARCH_PATHS = (
					"$(inherited)",
					"@executable_path/Frameworks",
				);
				PRODUCT_BUNDLE_IDENTIFIER = com.sebskuse.WorldRemitTechTest;
				PRODUCT_NAME = "$(TARGET_NAME)";
				SWIFT_VERSION = 5.0;
				TARGETED_DEVICE_FAMILY = "1,2";
			};
			name = Release;
		};
		9624180A2338BDA600292F98 /* Debug */ = {
			isa = XCBuildConfiguration;
			buildSettings = {
				ALWAYS_EMBED_SWIFT_STANDARD_LIBRARIES = YES;
				BUNDLE_LOADER = "$(TEST_HOST)";
				CODE_SIGN_STYLE = Automatic;
				DEVELOPMENT_TEAM = 32S28VR3SV;
				INFOPLIST_FILE = WorldRemitTechTestTests/Info.plist;
				IPHONEOS_DEPLOYMENT_TARGET = 13.0;
				LD_RUNPATH_SEARCH_PATHS = (
					"$(inherited)",
					"@executable_path/Frameworks",
					"@loader_path/Frameworks",
				);
				PRODUCT_BUNDLE_IDENTIFIER = com.sebskuse.WorldRemitTechTestTests;
				PRODUCT_NAME = "$(TARGET_NAME)";
				SWIFT_VERSION = 5.0;
				TARGETED_DEVICE_FAMILY = "1,2";
				TEST_HOST = "$(BUILT_PRODUCTS_DIR)/WorldRemitTechTest.app/WorldRemitTechTest";
			};
			name = Debug;
		};
		9624180B2338BDA600292F98 /* Release */ = {
			isa = XCBuildConfiguration;
			buildSettings = {
				ALWAYS_EMBED_SWIFT_STANDARD_LIBRARIES = YES;
				BUNDLE_LOADER = "$(TEST_HOST)";
				CODE_SIGN_STYLE = Automatic;
				DEVELOPMENT_TEAM = 32S28VR3SV;
				INFOPLIST_FILE = WorldRemitTechTestTests/Info.plist;
				IPHONEOS_DEPLOYMENT_TARGET = 13.0;
				LD_RUNPATH_SEARCH_PATHS = (
					"$(inherited)",
					"@executable_path/Frameworks",
					"@loader_path/Frameworks",
				);
				PRODUCT_BUNDLE_IDENTIFIER = com.sebskuse.WorldRemitTechTestTests;
				PRODUCT_NAME = "$(TARGET_NAME)";
				SWIFT_VERSION = 5.0;
				TARGETED_DEVICE_FAMILY = "1,2";
				TEST_HOST = "$(BUILT_PRODUCTS_DIR)/WorldRemitTechTest.app/WorldRemitTechTest";
			};
			name = Release;
		};
/* End XCBuildConfiguration section */

/* Begin XCConfigurationList section */
		962417E22338BDA500292F98 /* Build configuration list for PBXProject "WorldRemitTechTest" */ = {
			isa = XCConfigurationList;
			buildConfigurations = (
				962418042338BDA600292F98 /* Debug */,
				962418052338BDA600292F98 /* Release */,
			);
			defaultConfigurationIsVisible = 0;
			defaultConfigurationName = Release;
		};
		962418062338BDA600292F98 /* Build configuration list for PBXNativeTarget "WorldRemitTechTest" */ = {
			isa = XCConfigurationList;
			buildConfigurations = (
				962418072338BDA600292F98 /* Debug */,
				962418082338BDA600292F98 /* Release */,
			);
			defaultConfigurationIsVisible = 0;
			defaultConfigurationName = Release;
		};
		962418092338BDA600292F98 /* Build configuration list for PBXNativeTarget "WorldRemitTechTestTests" */ = {
			isa = XCConfigurationList;
			buildConfigurations = (
				9624180A2338BDA600292F98 /* Debug */,
				9624180B2338BDA600292F98 /* Release */,
			);
			defaultConfigurationIsVisible = 0;
			defaultConfigurationName = Release;
		};
/* End XCConfigurationList section */
	};
	rootObject = 962417DF2338BDA500292F98 /* Project object */;
}
